
Microsoft Visual Studio Solution File, Format Version 12.00
# Visual Studio Version 16
Project("{2150E333-8FDC-42A3-9474-1A3956D46DE8}") = "CMakePredefinedTargets", "CMakePredefinedTargets", "{7AFE0BD5-C1DC-3477-81E9-D3ED25C5106E}"
EndProject
Project("{2150E333-8FDC-42A3-9474-1A3956D46DE8}") = "GLFW3", "GLFW3", "{A54A731F-9E07-3385-91A2-7DF0E5C1D510}"
EndProject
Project("{2150E333-8FDC-42A3-9474-1A3956D46DE8}") = "Examples", "GLFW3\Examples", "{DA22B9F5-B44D-3DD6-9EC7-286FFB0861F8}"
EndProject
Project("{2150E333-8FDC-42A3-9474-1A3956D46DE8}") = "Tests", "GLFW3\Tests", "{B4E52D1F-9877-3BF1-9BB5-FF01A9B2205B}"
EndProject
Project("{8BC9CEB8-8B4A-11D0-8D11-00A0C91BC942}") = "ALL_BUILD", "ALL_BUILD.vcxproj", "{E59EC85E-BD87-33F8-8966-D1B7C18A6FE6}"
	ProjectSection(ProjectDependencies) = postProject
		{D56C6040-5189-350E-8E3C-B927C6170E8C} = {D56C6040-5189-350E-8E3C-B927C6170E8C}
		{7D8ABD51-3A55-31FE-8E20-23985E744F12} = {7D8ABD51-3A55-31FE-8E20-23985E744F12}
		{20B84515-5098-3F49-94A2-4DCB89D36D47} = {20B84515-5098-3F49-94A2-4DCB89D36D47}
		{17BB4EB9-4A5E-37D4-B4FD-E681FE8AC4E1} = {17BB4EB9-4A5E-37D4-B4FD-E681FE8AC4E1}
		{1AA3BA63-E3AF-336E-A5D7-6EB57E8AFB94} = {1AA3BA63-E3AF-336E-A5D7-6EB57E8AFB94}
		{36DADBBA-D574-3226-9D28-7E0CE60FD7F1} = {36DADBBA-D574-3226-9D28-7E0CE60FD7F1}
		{F5C3BA23-07F8-3B70-A9E2-FDD97CBB1ED6} = {F5C3BA23-07F8-3B70-A9E2-FDD97CBB1ED6}
		{CDD0B4EF-FC42-340B-A15C-73984854DCF0} = {CDD0B4EF-FC42-340B-A15C-73984854DCF0}
		{AB713354-094E-3BAD-B63D-3422099B9DDB} = {AB713354-094E-3BAD-B63D-3422099B9DDB}
		{7CCC79C5-7D5D-351C-A023-5593893D9796} = {7CCC79C5-7D5D-351C-A023-5593893D9796}
		{CF2E8230-4C7C-32F4-AB2C-0E7FC5722308} = {CF2E8230-4C7C-32F4-AB2C-0E7FC5722308}
		{87F5E32A-9B6E-324B-96D7-984CC0BF11EB} = {87F5E32A-9B6E-324B-96D7-984CC0BF11EB}
		{72A2126D-4886-3962-A09A-1764100DA0EA} = {72A2126D-4886-3962-A09A-1764100DA0EA}
		{A9C28F3B-BE6B-3599-B61E-C748532945B1} = {A9C28F3B-BE6B-3599-B61E-C748532945B1}
		{83502B4E-761F-37F7-A269-BA9DE3034212} = {83502B4E-761F-37F7-A269-BA9DE3034212}
		{08169B70-F37F-3CE5-AC37-A76FFF894AF2} = {08169B70-F37F-3CE5-AC37-A76FFF894AF2}
		{AFEC7506-5C5D-3A4F-808D-E4CFF6A178FB} = {AFEC7506-5C5D-3A4F-808D-E4CFF6A178FB}
		{7B42862E-4317-34D7-8BC0-0A98C4A6D514} = {7B42862E-4317-34D7-8BC0-0A98C4A6D514}
		{8769FAD5-A530-37DA-A57E-F9F79D8842F3} = {8769FAD5-A530-37DA-A57E-F9F79D8842F3}
		{63675CF8-C21C-34EC-92CD-A1AF97254354} = {63675CF8-C21C-34EC-92CD-A1AF97254354}
		{5F40D9F9-805A-3344-B8D0-5EC742142600} = {5F40D9F9-805A-3344-B8D0-5EC742142600}
		{403D7F69-4A53-3AA4-8503-EEA6CEBFBC07} = {403D7F69-4A53-3AA4-8503-EEA6CEBFBC07}
		{565B5ACF-D9FB-31B9-B8C9-B236C1DF106C} = {565B5ACF-D9FB-31B9-B8C9-B236C1DF106C}
		{1F1D9785-087A-3299-9739-992E665E8D49} = {1F1D9785-087A-3299-9739-992E665E8D49}
		{C1207D0A-8D61-341E-9E15-C049160FD62E} = {C1207D0A-8D61-341E-9E15-C049160FD62E}
		{F2978114-4980-3E6C-97C5-FAC5AB267D06} = {F2978114-4980-3E6C-97C5-FAC5AB267D06}
		{98C3F45F-6D6B-3586-B3B4-47D765DB0462} = {98C3F45F-6D6B-3586-B3B4-47D765DB0462}
		{4CA47FDA-7B63-353A-8333-1C0AC1DB27EF} = {4CA47FDA-7B63-353A-8333-1C0AC1DB27EF}
		{1A147021-A783-3A09-8521-5E909D319E4D} = {1A147021-A783-3A09-8521-5E909D319E4D}
		{F8FB9708-3A0F-3C45-B23D-1CA81A7D17EC} = {F8FB9708-3A0F-3C45-B23D-1CA81A7D17EC}
		{E9BEF847-67B9-3AAF-8492-3F1BEFEEAB51} = {E9BEF847-67B9-3AAF-8492-3F1BEFEEAB51}
	EndProjectSection
EndProject
Project("{8BC9CEB8-8B4A-11D0-8D11-00A0C91BC942}") = "INSTALL", "INSTALL.vcxproj", "{12B1D8D3-7E9D-3E7A-964D-1F282339638C}"
	ProjectSection(ProjectDependencies) = postProject
		{E59EC85E-BD87-33F8-8966-D1B7C18A6FE6} = {E59EC85E-BD87-33F8-8966-D1B7C18A6FE6}
		{D56C6040-5189-350E-8E3C-B927C6170E8C} = {D56C6040-5189-350E-8E3C-B927C6170E8C}
	EndProjectSection
EndProject
Project("{8BC9CEB8-8B4A-11D0-8D11-00A0C91BC942}") = "ZERO_CHECK", "ZERO_CHECK.vcxproj", "{D56C6040-5189-350E-8E3C-B927C6170E8C}"
	ProjectSection(ProjectDependencies) = postProject
	EndProjectSection
EndProject
Project("{8BC9CEB8-8B4A-11D0-8D11-00A0C91BC942}") = "boing", "examples\boing.vcxproj", "{7D8ABD51-3A55-31FE-8E20-23985E744F12}"
	ProjectSection(ProjectDependencies) = postProject
		{D56C6040-5189-350E-8E3C-B927C6170E8C} = {D56C6040-5189-350E-8E3C-B927C6170E8C}
		{AB713354-094E-3BAD-B63D-3422099B9DDB} = {AB713354-094E-3BAD-B63D-3422099B9DDB}
	EndProjectSection
EndProject
Project("{8BC9CEB8-8B4A-11D0-8D11-00A0C91BC942}") = "clipboard", "tests\clipboard.vcxproj", "{20B84515-5098-3F49-94A2-4DCB89D36D47}"
	ProjectSection(ProjectDependencies) = postProject
		{D56C6040-5189-350E-8E3C-B927C6170E8C} = {D56C6040-5189-350E-8E3C-B927C6170E8C}
		{AB713354-094E-3BAD-B63D-3422099B9DDB} = {AB713354-094E-3BAD-B63D-3422099B9DDB}
	EndProjectSection
EndProject
Project("{8BC9CEB8-8B4A-11D0-8D11-00A0C91BC942}") = "cursor", "tests\cursor.vcxproj", "{17BB4EB9-4A5E-37D4-B4FD-E681FE8AC4E1}"
	ProjectSection(ProjectDependencies) = postProject
		{D56C6040-5189-350E-8E3C-B927C6170E8C} = {D56C6040-5189-350E-8E3C-B927C6170E8C}
		{AB713354-094E-3BAD-B63D-3422099B9DDB} = {AB713354-094E-3BAD-B63D-3422099B9DDB}
	EndProjectSection
EndProject
Project("{8BC9CEB8-8B4A-11D0-8D11-00A0C91BC942}") = "empty", "tests\empty.vcxproj", "{1AA3BA63-E3AF-336E-A5D7-6EB57E8AFB94}"
	ProjectSection(ProjectDependencies) = postProject
		{D56C6040-5189-350E-8E3C-B927C6170E8C} = {D56C6040-5189-350E-8E3C-B927C6170E8C}
		{AB713354-094E-3BAD-B63D-3422099B9DDB} = {AB713354-094E-3BAD-B63D-3422099B9DDB}
	EndProjectSection
EndProject
Project("{8BC9CEB8-8B4A-11D0-8D11-00A0C91BC942}") = "events", "tests\events.vcxproj", "{36DADBBA-D574-3226-9D28-7E0CE60FD7F1}"
	ProjectSection(ProjectDependencies) = postProject
		{D56C6040-5189-350E-8E3C-B927C6170E8C} = {D56C6040-5189-350E-8E3C-B927C6170E8C}
		{AB713354-094E-3BAD-B63D-3422099B9DDB} = {AB713354-094E-3BAD-B63D-3422099B9DDB}
	EndProjectSection
EndProject
Project("{8BC9CEB8-8B4A-11D0-8D11-00A0C91BC942}") = "gamma", "tests\gamma.vcxproj", "{F5C3BA23-07F8-3B70-A9E2-FDD97CBB1ED6}"
	ProjectSection(ProjectDependencies) = postProject
		{D56C6040-5189-350E-8E3C-B927C6170E8C} = {D56C6040-5189-350E-8E3C-B927C6170E8C}
		{AB713354-094E-3BAD-B63D-3422099B9DDB} = {AB713354-094E-3BAD-B63D-3422099B9DDB}
	EndProjectSection
EndProject
Project("{8BC9CEB8-8B4A-11D0-8D11-00A0C91BC942}") = "gears", "examples\gears.vcxproj", "{CDD0B4EF-FC42-340B-A15C-73984854DCF0}"
	ProjectSection(ProjectDependencies) = postProject
		{D56C6040-5189-350E-8E3C-B927C6170E8C} = {D56C6040-5189-350E-8E3C-B927C6170E8C}
		{AB713354-094E-3BAD-B63D-3422099B9DDB} = {AB713354-094E-3BAD-B63D-3422099B9DDB}
	EndProjectSection
EndProject
Project("{8BC9CEB8-8B4A-11D0-8D11-00A0C91BC942}") = "glfw", "src\glfw.vcxproj", "{AB713354-094E-3BAD-B63D-3422099B9DDB}"
	ProjectSection(ProjectDependencies) = postProject
		{D56C6040-5189-350E-8E3C-B927C6170E8C} = {D56C6040-5189-350E-8E3C-B927C6170E8C}
	EndProjectSection
EndProject
Project("{8BC9CEB8-8B4A-11D0-8D11-00A0C91BC942}") = "glfwinfo", "tests\glfwinfo.vcxproj", "{7CCC79C5-7D5D-351C-A023-5593893D9796}"
	ProjectSection(ProjectDependencies) = postProject
		{D56C6040-5189-350E-8E3C-B927C6170E8C} = {D56C6040-5189-350E-8E3C-B927C6170E8C}
		{AB713354-094E-3BAD-B63D-3422099B9DDB} = {AB713354-094E-3BAD-B63D-3422099B9DDB}
	EndProjectSection
EndProject
Project("{8BC9CEB8-8B4A-11D0-8D11-00A0C91BC942}") = "heightmap", "examples\heightmap.vcxproj", "{CF2E8230-4C7C-32F4-AB2C-0E7FC5722308}"
	ProjectSection(ProjectDependencies) = postProject
		{D56C6040-5189-350E-8E3C-B927C6170E8C} = {D56C6040-5189-350E-8E3C-B927C6170E8C}
		{AB713354-094E-3BAD-B63D-3422099B9DDB} = {AB713354-094E-3BAD-B63D-3422099B9DDB}
	EndProjectSection
EndProject
Project("{8BC9CEB8-8B4A-11D0-8D11-00A0C91BC942}") = "icon", "tests\icon.vcxproj", "{87F5E32A-9B6E-324B-96D7-984CC0BF11EB}"
	ProjectSection(ProjectDependencies) = postProject
		{D56C6040-5189-350E-8E3C-B927C6170E8C} = {D56C6040-5189-350E-8E3C-B927C6170E8C}
		{AB713354-094E-3BAD-B63D-3422099B9DDB} = {AB713354-094E-3BAD-B63D-3422099B9DDB}
	EndProjectSection
EndProject
Project("{8BC9CEB8-8B4A-11D0-8D11-00A0C91BC942}") = "iconify", "tests\iconify.vcxproj", "{72A2126D-4886-3962-A09A-1764100DA0EA}"
	ProjectSection(ProjectDependencies) = postProject
		{D56C6040-5189-350E-8E3C-B927C6170E8C} = {D56C6040-5189-350E-8E3C-B927C6170E8C}
		{AB713354-094E-3BAD-B63D-3422099B9DDB} = {AB713354-094E-3BAD-B63D-3422099B9DDB}
	EndProjectSection
EndProject
Project("{8BC9CEB8-8B4A-11D0-8D11-00A0C91BC942}") = "inputlag", "tests\inputlag.vcxproj", "{A9C28F3B-BE6B-3599-B61E-C748532945B1}"
	ProjectSection(ProjectDependencies) = postProject
		{D56C6040-5189-350E-8E3C-B927C6170E8C} = {D56C6040-5189-350E-8E3C-B927C6170E8C}
		{AB713354-094E-3BAD-B63D-3422099B9DDB} = {AB713354-094E-3BAD-B63D-3422099B9DDB}
	EndProjectSection
EndProject
Project("{8BC9CEB8-8B4A-11D0-8D11-00A0C91BC942}") = "joysticks", "tests\joysticks.vcxproj", "{83502B4E-761F-37F7-A269-BA9DE3034212}"
	ProjectSection(ProjectDependencies) = postProject
		{D56C6040-5189-350E-8E3C-B927C6170E8C} = {D56C6040-5189-350E-8E3C-B927C6170E8C}
		{AB713354-094E-3BAD-B63D-3422099B9DDB} = {AB713354-094E-3BAD-B63D-3422099B9DDB}
	EndProjectSection
EndProject
Project("{8BC9CEB8-8B4A-11D0-8D11-00A0C91BC942}") = "monitors", "tests\monitors.vcxproj", "{08169B70-F37F-3CE5-AC37-A76FFF894AF2}"
	ProjectSection(ProjectDependencies) = postProject
		{D56C6040-5189-350E-8E3C-B927C6170E8C} = {D56C6040-5189-350E-8E3C-B927C6170E8C}
		{AB713354-094E-3BAD-B63D-3422099B9DDB} = {AB713354-094E-3BAD-B63D-3422099B9DDB}
	EndProjectSection
EndProject
Project("{8BC9CEB8-8B4A-11D0-8D11-00A0C91BC942}") = "msaa", "tests\msaa.vcxproj", "{AFEC7506-5C5D-3A4F-808D-E4CFF6A178FB}"
	ProjectSection(ProjectDependencies) = postProject
		{D56C6040-5189-350E-8E3C-B927C6170E8C} = {D56C6040-5189-350E-8E3C-B927C6170E8C}
		{AB713354-094E-3BAD-B63D-3422099B9DDB} = {AB713354-094E-3BAD-B63D-3422099B9DDB}
	EndProjectSection
EndProject
Project("{8BC9CEB8-8B4A-11D0-8D11-00A0C91BC942}") = "offscreen", "examples\offscreen.vcxproj", "{7B42862E-4317-34D7-8BC0-0A98C4A6D514}"
	ProjectSection(ProjectDependencies) = postProject
		{D56C6040-5189-350E-8E3C-B927C6170E8C} = {D56C6040-5189-350E-8E3C-B927C6170E8C}
		{AB713354-094E-3BAD-B63D-3422099B9DDB} = {AB713354-094E-3BAD-B63D-3422099B9DDB}
	EndProjectSection
EndProject
Project("{8BC9CEB8-8B4A-11D0-8D11-00A0C91BC942}") = "opacity", "tests\opacity.vcxproj", "{8769FAD5-A530-37DA-A57E-F9F79D8842F3}"
	ProjectSection(ProjectDependencies) = postProject
		{D56C6040-5189-350E-8E3C-B927C6170E8C} = {D56C6040-5189-350E-8E3C-B927C6170E8C}
		{AB713354-094E-3BAD-B63D-3422099B9DDB} = {AB713354-094E-3BAD-B63D-3422099B9DDB}
	EndProjectSection
EndProject
Project("{8BC9CEB8-8B4A-11D0-8D11-00A0C91BC942}") = "particles", "examples\particles.vcxproj", "{63675CF8-C21C-34EC-92CD-A1AF97254354}"
	ProjectSection(ProjectDependencies) = postProject
		{D56C6040-5189-350E-8E3C-B927C6170E8C} = {D56C6040-5189-350E-8E3C-B927C6170E8C}
		{AB713354-094E-3BAD-B63D-3422099B9DDB} = {AB713354-094E-3BAD-B63D-3422099B9DDB}
	EndProjectSection
EndProject
Project("{8BC9CEB8-8B4A-11D0-8D11-00A0C91BC942}") = "reopen", "tests\reopen.vcxproj", "{5F40D9F9-805A-3344-B8D0-5EC742142600}"
	ProjectSection(ProjectDependencies) = postProject
		{D56C6040-5189-350E-8E3C-B927C6170E8C} = {D56C6040-5189-350E-8E3C-B927C6170E8C}
		{AB713354-094E-3BAD-B63D-3422099B9DDB} = {AB713354-094E-3BAD-B63D-3422099B9DDB}
	EndProjectSection
EndProject
Project("{8BC9CEB8-8B4A-11D0-8D11-00A0C91BC942}") = "sharing", "examples\sharing.vcxproj", "{403D7F69-4A53-3AA4-8503-EEA6CEBFBC07}"
	ProjectSection(ProjectDependencies) = postProject
		{D56C6040-5189-350E-8E3C-B927C6170E8C} = {D56C6040-5189-350E-8E3C-B927C6170E8C}
		{AB713354-094E-3BAD-B63D-3422099B9DDB} = {AB713354-094E-3BAD-B63D-3422099B9DDB}
	EndProjectSection
EndProject
Project("{8BC9CEB8-8B4A-11D0-8D11-00A0C91BC942}") = "simple", "examples\simple.vcxproj", "{565B5ACF-D9FB-31B9-B8C9-B236C1DF106C}"
	ProjectSection(ProjectDependencies) = postProject
		{D56C6040-5189-350E-8E3C-B927C6170E8C} = {D56C6040-5189-350E-8E3C-B927C6170E8C}
		{AB713354-094E-3BAD-B63D-3422099B9DDB} = {AB713354-094E-3BAD-B63D-3422099B9DDB}
	EndProjectSection
EndProject
Project("{8BC9CEB8-8B4A-11D0-8D11-00A0C91BC942}") = "splitview", "examples\splitview.vcxproj", "{1F1D9785-087A-3299-9739-992E665E8D49}"
	ProjectSection(ProjectDependencies) = postProject
		{D56C6040-5189-350E-8E3C-B927C6170E8C} = {D56C6040-5189-350E-8E3C-B927C6170E8C}
		{AB713354-094E-3BAD-B63D-3422099B9DDB} = {AB713354-094E-3BAD-B63D-3422099B9DDB}
	EndProjectSection
EndProject
Project("{8BC9CEB8-8B4A-11D0-8D11-00A0C91BC942}") = "tearing", "tests\tearing.vcxproj", "{C1207D0A-8D61-341E-9E15-C049160FD62E}"
	ProjectSection(ProjectDependencies) = postProject
		{D56C6040-5189-350E-8E3C-B927C6170E8C} = {D56C6040-5189-350E-8E3C-B927C6170E8C}
		{AB713354-094E-3BAD-B63D-3422099B9DDB} = {AB713354-094E-3BAD-B63D-3422099B9DDB}
	EndProjectSection
EndProject
Project("{8BC9CEB8-8B4A-11D0-8D11-00A0C91BC942}") = "threads", "tests\threads.vcxproj", "{F2978114-4980-3E6C-97C5-FAC5AB267D06}"
	ProjectSection(ProjectDependencies) = postProject
		{D56C6040-5189-350E-8E3C-B927C6170E8C} = {D56C6040-5189-350E-8E3C-B927C6170E8C}
		{AB713354-094E-3BAD-B63D-3422099B9DDB} = {AB713354-094E-3BAD-B63D-3422099B9DDB}
	EndProjectSection
EndProject
Project("{8BC9CEB8-8B4A-11D0-8D11-00A0C91BC942}") = "timeout", "tests\timeout.vcxproj", "{98C3F45F-6D6B-3586-B3B4-47D765DB0462}"
	ProjectSection(ProjectDependencies) = postProject
		{D56C6040-5189-350E-8E3C-B927C6170E8C} = {D56C6040-5189-350E-8E3C-B927C6170E8C}
		{AB713354-094E-3BAD-B63D-3422099B9DDB} = {AB713354-094E-3BAD-B63D-3422099B9DDB}
	EndProjectSection
EndProject
Project("{8BC9CEB8-8B4A-11D0-8D11-00A0C91BC942}") = "title", "tests\title.vcxproj", "{4CA47FDA-7B63-353A-8333-1C0AC1DB27EF}"
	ProjectSection(ProjectDependencies) = postProject
		{D56C6040-5189-350E-8E3C-B927C6170E8C} = {D56C6040-5189-350E-8E3C-B927C6170E8C}
		{AB713354-094E-3BAD-B63D-3422099B9DDB} = {AB713354-094E-3BAD-B63D-3422099B9DDB}
	EndProjectSection
EndProject
Project("{8BC9CEB8-8B4A-11D0-8D11-00A0C91BC942}") = "triangle-vulkan", "tests\triangle-vulkan.vcxproj", "{1A147021-A783-3A09-8521-5E909D319E4D}"
	ProjectSection(ProjectDependencies) = postProject
		{D56C6040-5189-350E-8E3C-B927C6170E8C} = {D56C6040-5189-350E-8E3C-B927C6170E8C}
		{AB713354-094E-3BAD-B63D-3422099B9DDB} = {AB713354-094E-3BAD-B63D-3422099B9DDB}
	EndProjectSection
EndProject
Project("{8BC9CEB8-8B4A-11D0-8D11-00A0C91BC942}") = "uninstall", "uninstall.vcxproj", "{4BFB36A8-2BD3-3F68-B97D-3D962E5CC97F}"
	ProjectSection(ProjectDependencies) = postProject
		{D56C6040-5189-350E-8E3C-B927C6170E8C} = {D56C6040-5189-350E-8E3C-B927C6170E8C}
	EndProjectSection
EndProject
Project("{8BC9CEB8-8B4A-11D0-8D11-00A0C91BC942}") = "update_mappings", "src\update_mappings.vcxproj", "{ECC433AA-8A58-30F8-B1B9-65B6AD458DD3}"
	ProjectSection(ProjectDependencies) = postProject
		{D56C6040-5189-350E-8E3C-B927C6170E8C} = {D56C6040-5189-350E-8E3C-B927C6170E8C}
	EndProjectSection
EndProject
Project("{8BC9CEB8-8B4A-11D0-8D11-00A0C91BC942}") = "wave", "examples\wave.vcxproj", "{F8FB9708-3A0F-3C45-B23D-1CA81A7D17EC}"
	ProjectSection(ProjectDependencies) = postProject
		{D56C6040-5189-350E-8E3C-B927C6170E8C} = {D56C6040-5189-350E-8E3C-B927C6170E8C}
		{AB713354-094E-3BAD-B63D-3422099B9DDB} = {AB713354-094E-3BAD-B63D-3422099B9DDB}
	EndProjectSection
EndProject
Project("{8BC9CEB8-8B4A-11D0-8D11-00A0C91BC942}") = "windows", "tests\windows.vcxproj", "{E9BEF847-67B9-3AAF-8492-3F1BEFEEAB51}"
	ProjectSection(ProjectDependencies) = postProject
		{D56C6040-5189-350E-8E3C-B927C6170E8C} = {D56C6040-5189-350E-8E3C-B927C6170E8C}
		{AB713354-094E-3BAD-B63D-3422099B9DDB} = {AB713354-094E-3BAD-B63D-3422099B9DDB}
	EndProjectSection
EndProject
Global
	GlobalSection(SolutionConfigurationPlatforms) = preSolution
		Debug|x64 = Debug|x64
		Release|x64 = Release|x64
		MinSizeRel|x64 = MinSizeRel|x64
		RelWithDebInfo|x64 = RelWithDebInfo|x64
	EndGlobalSection
	GlobalSection(ProjectConfigurationPlatforms) = postSolution
		{E59EC85E-BD87-33F8-8966-D1B7C18A6FE6}.Debug|x64.ActiveCfg = Debug|x64
		{E59EC85E-BD87-33F8-8966-D1B7C18A6FE6}.Debug|x64.Build.0 = Debug|x64
		{E59EC85E-BD87-33F8-8966-D1B7C18A6FE6}.Release|x64.ActiveCfg = Release|x64
		{E59EC85E-BD87-33F8-8966-D1B7C18A6FE6}.Release|x64.Build.0 = Release|x64
		{E59EC85E-BD87-33F8-8966-D1B7C18A6FE6}.MinSizeRel|x64.ActiveCfg = MinSizeRel|x64
		{E59EC85E-BD87-33F8-8966-D1B7C18A6FE6}.MinSizeRel|x64.Build.0 = MinSizeRel|x64
		{E59EC85E-BD87-33F8-8966-D1B7C18A6FE6}.RelWithDebInfo|x64.ActiveCfg = RelWithDebInfo|x64
		{E59EC85E-BD87-33F8-8966-D1B7C18A6FE6}.RelWithDebInfo|x64.Build.0 = RelWithDebInfo|x64
		{12B1D8D3-7E9D-3E7A-964D-1F282339638C}.Debug|x64.ActiveCfg = Debug|x64
		{12B1D8D3-7E9D-3E7A-964D-1F282339638C}.Release|x64.ActiveCfg = Release|x64
		{12B1D8D3-7E9D-3E7A-964D-1F282339638C}.MinSizeRel|x64.ActiveCfg = MinSizeRel|x64
		{12B1D8D3-7E9D-3E7A-964D-1F282339638C}.RelWithDebInfo|x64.ActiveCfg = RelWithDebInfo|x64
		{D56C6040-5189-350E-8E3C-B927C6170E8C}.Debug|x64.ActiveCfg = Debug|x64
		{D56C6040-5189-350E-8E3C-B927C6170E8C}.Debug|x64.Build.0 = Debug|x64
		{D56C6040-5189-350E-8E3C-B927C6170E8C}.Release|x64.ActiveCfg = Release|x64
		{D56C6040-5189-350E-8E3C-B927C6170E8C}.Release|x64.Build.0 = Release|x64
		{D56C6040-5189-350E-8E3C-B927C6170E8C}.MinSizeRel|x64.ActiveCfg = MinSizeRel|x64
		{D56C6040-5189-350E-8E3C-B927C6170E8C}.MinSizeRel|x64.Build.0 = MinSizeRel|x64
		{D56C6040-5189-350E-8E3C-B927C6170E8C}.RelWithDebInfo|x64.ActiveCfg = RelWithDebInfo|x64
		{D56C6040-5189-350E-8E3C-B927C6170E8C}.RelWithDebInfo|x64.Build.0 = RelWithDebInfo|x64
		{7D8ABD51-3A55-31FE-8E20-23985E744F12}.Debug|x64.ActiveCfg = Debug|x64
		{7D8ABD51-3A55-31FE-8E20-23985E744F12}.Debug|x64.Build.0 = Debug|x64
		{7D8ABD51-3A55-31FE-8E20-23985E744F12}.Release|x64.ActiveCfg = Release|x64
		{7D8ABD51-3A55-31FE-8E20-23985E744F12}.Release|x64.Build.0 = Release|x64
		{7D8ABD51-3A55-31FE-8E20-23985E744F12}.MinSizeRel|x64.ActiveCfg = MinSizeRel|x64
		{7D8ABD51-3A55-31FE-8E20-23985E744F12}.MinSizeRel|x64.Build.0 = MinSizeRel|x64
		{7D8ABD51-3A55-31FE-8E20-23985E744F12}.RelWithDebInfo|x64.ActiveCfg = RelWithDebInfo|x64
		{7D8ABD51-3A55-31FE-8E20-23985E744F12}.RelWithDebInfo|x64.Build.0 = RelWithDebInfo|x64
		{20B84515-5098-3F49-94A2-4DCB89D36D47}.Debug|x64.ActiveCfg = Debug|x64
		{20B84515-5098-3F49-94A2-4DCB89D36D47}.Debug|x64.Build.0 = Debug|x64
		{20B84515-5098-3F49-94A2-4DCB89D36D47}.Release|x64.ActiveCfg = Release|x64
		{20B84515-5098-3F49-94A2-4DCB89D36D47}.Release|x64.Build.0 = Release|x64
		{20B84515-5098-3F49-94A2-4DCB89D36D47}.MinSizeRel|x64.ActiveCfg = MinSizeRel|x64
		{20B84515-5098-3F49-94A2-4DCB89D36D47}.MinSizeRel|x64.Build.0 = MinSizeRel|x64
		{20B84515-5098-3F49-94A2-4DCB89D36D47}.RelWithDebInfo|x64.ActiveCfg = RelWithDebInfo|x64
		{20B84515-5098-3F49-94A2-4DCB89D36D47}.RelWithDebInfo|x64.Build.0 = RelWithDebInfo|x64
		{17BB4EB9-4A5E-37D4-B4FD-E681FE8AC4E1}.Debug|x64.ActiveCfg = Debug|x64
		{17BB4EB9-4A5E-37D4-B4FD-E681FE8AC4E1}.Debug|x64.Build.0 = Debug|x64
		{17BB4EB9-4A5E-37D4-B4FD-E681FE8AC4E1}.Release|x64.ActiveCfg = Release|x64
		{17BB4EB9-4A5E-37D4-B4FD-E681FE8AC4E1}.Release|x64.Build.0 = Release|x64
		{17BB4EB9-4A5E-37D4-B4FD-E681FE8AC4E1}.MinSizeRel|x64.ActiveCfg = MinSizeRel|x64
		{17BB4EB9-4A5E-37D4-B4FD-E681FE8AC4E1}.MinSizeRel|x64.Build.0 = MinSizeRel|x64
		{17BB4EB9-4A5E-37D4-B4FD-E681FE8AC4E1}.RelWithDebInfo|x64.ActiveCfg = RelWithDebInfo|x64
		{17BB4EB9-4A5E-37D4-B4FD-E681FE8AC4E1}.RelWithDebInfo|x64.Build.0 = RelWithDebInfo|x64
		{1AA3BA63-E3AF-336E-A5D7-6EB57E8AFB94}.Debug|x64.ActiveCfg = Debug|x64
		{1AA3BA63-E3AF-336E-A5D7-6EB57E8AFB94}.Debug|x64.Build.0 = Debug|x64
		{1AA3BA63-E3AF-336E-A5D7-6EB57E8AFB94}.Release|x64.ActiveCfg = Release|x64
		{1AA3BA63-E3AF-336E-A5D7-6EB57E8AFB94}.Release|x64.Build.0 = Release|x64
		{1AA3BA63-E3AF-336E-A5D7-6EB57E8AFB94}.MinSizeRel|x64.ActiveCfg = MinSizeRel|x64
		{1AA3BA63-E3AF-336E-A5D7-6EB57E8AFB94}.MinSizeRel|x64.Build.0 = MinSizeRel|x64
		{1AA3BA63-E3AF-336E-A5D7-6EB57E8AFB94}.RelWithDebInfo|x64.ActiveCfg = RelWithDebInfo|x64
		{1AA3BA63-E3AF-336E-A5D7-6EB57E8AFB94}.RelWithDebInfo|x64.Build.0 = RelWithDebInfo|x64
		{36DADBBA-D574-3226-9D28-7E0CE60FD7F1}.Debug|x64.ActiveCfg = Debug|x64
		{36DADBBA-D574-3226-9D28-7E0CE60FD7F1}.Debug|x64.Build.0 = Debug|x64
		{36DADBBA-D574-3226-9D28-7E0CE60FD7F1}.Release|x64.ActiveCfg = Release|x64
		{36DADBBA-D574-3226-9D28-7E0CE60FD7F1}.Release|x64.Build.0 = Release|x64
		{36DADBBA-D574-3226-9D28-7E0CE60FD7F1}.MinSizeRel|x64.ActiveCfg = MinSizeRel|x64
		{36DADBBA-D574-3226-9D28-7E0CE60FD7F1}.MinSizeRel|x64.Build.0 = MinSizeRel|x64
		{36DADBBA-D574-3226-9D28-7E0CE60FD7F1}.RelWithDebInfo|x64.ActiveCfg = RelWithDebInfo|x64
		{36DADBBA-D574-3226-9D28-7E0CE60FD7F1}.RelWithDebInfo|x64.Build.0 = RelWithDebInfo|x64
		{F5C3BA23-07F8-3B70-A9E2-FDD97CBB1ED6}.Debug|x64.ActiveCfg = Debug|x64
		{F5C3BA23-07F8-3B70-A9E2-FDD97CBB1ED6}.Debug|x64.Build.0 = Debug|x64
		{F5C3BA23-07F8-3B70-A9E2-FDD97CBB1ED6}.Release|x64.ActiveCfg = Release|x64
		{F5C3BA23-07F8-3B70-A9E2-FDD97CBB1ED6}.Release|x64.Build.0 = Release|x64
		{F5C3BA23-07F8-3B70-A9E2-FDD97CBB1ED6}.MinSizeRel|x64.ActiveCfg = MinSizeRel|x64
		{F5C3BA23-07F8-3B70-A9E2-FDD97CBB1ED6}.MinSizeRel|x64.Build.0 = MinSizeRel|x64
		{F5C3BA23-07F8-3B70-A9E2-FDD97CBB1ED6}.RelWithDebInfo|x64.ActiveCfg = RelWithDebInfo|x64
		{F5C3BA23-07F8-3B70-A9E2-FDD97CBB1ED6}.RelWithDebInfo|x64.Build.0 = RelWithDebInfo|x64
		{CDD0B4EF-FC42-340B-A15C-73984854DCF0}.Debug|x64.ActiveCfg = Debug|x64
		{CDD0B4EF-FC42-340B-A15C-73984854DCF0}.Debug|x64.Build.0 = Debug|x64
		{CDD0B4EF-FC42-340B-A15C-73984854DCF0}.Release|x64.ActiveCfg = Release|x64
		{CDD0B4EF-FC42-340B-A15C-73984854DCF0}.Release|x64.Build.0 = Release|x64
		{CDD0B4EF-FC42-340B-A15C-73984854DCF0}.MinSizeRel|x64.ActiveCfg = MinSizeRel|x64
		{CDD0B4EF-FC42-340B-A15C-73984854DCF0}.MinSizeRel|x64.Build.0 = MinSizeRel|x64
		{CDD0B4EF-FC42-340B-A15C-73984854DCF0}.RelWithDebInfo|x64.ActiveCfg = RelWithDebInfo|x64
		{CDD0B4EF-FC42-340B-A15C-73984854DCF0}.RelWithDebInfo|x64.Build.0 = RelWithDebInfo|x64
		{AB713354-094E-3BAD-B63D-3422099B9DDB}.Debug|x64.ActiveCfg = Debug|x64
		{AB713354-094E-3BAD-B63D-3422099B9DDB}.Debug|x64.Build.0 = Debug|x64
		{AB713354-094E-3BAD-B63D-3422099B9DDB}.Release|x64.ActiveCfg = Release|x64
		{AB713354-094E-3BAD-B63D-3422099B9DDB}.Release|x64.Build.0 = Release|x64
		{AB713354-094E-3BAD-B63D-3422099B9DDB}.MinSizeRel|x64.ActiveCfg = MinSizeRel|x64
		{AB713354-094E-3BAD-B63D-3422099B9DDB}.MinSizeRel|x64.Build.0 = MinSizeRel|x64
		{AB713354-094E-3BAD-B63D-3422099B9DDB}.RelWithDebInfo|x64.ActiveCfg = RelWithDebInfo|x64
		{AB713354-094E-3BAD-B63D-3422099B9DDB}.RelWithDebInfo|x64.Build.0 = RelWithDebInfo|x64
		{7CCC79C5-7D5D-351C-A023-5593893D9796}.Debug|x64.ActiveCfg = Debug|x64
		{7CCC79C5-7D5D-351C-A023-5593893D9796}.Debug|x64.Build.0 = Debug|x64
		{7CCC79C5-7D5D-351C-A023-5593893D9796}.Release|x64.ActiveCfg = Release|x64
		{7CCC79C5-7D5D-351C-A023-5593893D9796}.Release|x64.Build.0 = Release|x64
		{7CCC79C5-7D5D-351C-A023-5593893D9796}.MinSizeRel|x64.ActiveCfg = MinSizeRel|x64
		{7CCC79C5-7D5D-351C-A023-5593893D9796}.MinSizeRel|x64.Build.0 = MinSizeRel|x64
		{7CCC79C5-7D5D-351C-A023-5593893D9796}.RelWithDebInfo|x64.ActiveCfg = RelWithDebInfo|x64
		{7CCC79C5-7D5D-351C-A023-5593893D9796}.RelWithDebInfo|x64.Build.0 = RelWithDebInfo|x64
		{CF2E8230-4C7C-32F4-AB2C-0E7FC5722308}.Debug|x64.ActiveCfg = Debug|x64
		{CF2E8230-4C7C-32F4-AB2C-0E7FC5722308}.Debug|x64.Build.0 = Debug|x64
		{CF2E8230-4C7C-32F4-AB2C-0E7FC5722308}.Release|x64.ActiveCfg = Release|x64
		{CF2E8230-4C7C-32F4-AB2C-0E7FC5722308}.Release|x64.Build.0 = Release|x64
		{CF2E8230-4C7C-32F4-AB2C-0E7FC5722308}.MinSizeRel|x64.ActiveCfg = MinSizeRel|x64
		{CF2E8230-4C7C-32F4-AB2C-0E7FC5722308}.MinSizeRel|x64.Build.0 = MinSizeRel|x64
		{CF2E8230-4C7C-32F4-AB2C-0E7FC5722308}.RelWithDebInfo|x64.ActiveCfg = RelWithDebInfo|x64
		{CF2E8230-4C7C-32F4-AB2C-0E7FC5722308}.RelWithDebInfo|x64.Build.0 = RelWithDebInfo|x64
		{87F5E32A-9B6E-324B-96D7-984CC0BF11EB}.Debug|x64.ActiveCfg = Debug|x64
		{87F5E32A-9B6E-324B-96D7-984CC0BF11EB}.Debug|x64.Build.0 = Debug|x64
		{87F5E32A-9B6E-324B-96D7-984CC0BF11EB}.Release|x64.ActiveCfg = Release|x64
		{87F5E32A-9B6E-324B-96D7-984CC0BF11EB}.Release|x64.Build.0 = Release|x64
		{87F5E32A-9B6E-324B-96D7-984CC0BF11EB}.MinSizeRel|x64.ActiveCfg = MinSizeRel|x64
		{87F5E32A-9B6E-324B-96D7-984CC0BF11EB}.MinSizeRel|x64.Build.0 = MinSizeRel|x64
		{87F5E32A-9B6E-324B-96D7-984CC0BF11EB}.RelWithDebInfo|x64.ActiveCfg = RelWithDebInfo|x64
		{87F5E32A-9B6E-324B-96D7-984CC0BF11EB}.RelWithDebInfo|x64.Build.0 = RelWithDebInfo|x64
		{72A2126D-4886-3962-A09A-1764100DA0EA}.Debug|x64.ActiveCfg = Debug|x64
		{72A2126D-4886-3962-A09A-1764100DA0EA}.Debug|x64.Build.0 = Debug|x64
		{72A2126D-4886-3962-A09A-1764100DA0EA}.Release|x64.ActiveCfg = Release|x64
		{72A2126D-4886-3962-A09A-1764100DA0EA}.Release|x64.Build.0 = Release|x64
		{72A2126D-4886-3962-A09A-1764100DA0EA}.MinSizeRel|x64.ActiveCfg = MinSizeRel|x64
		{72A2126D-4886-3962-A09A-1764100DA0EA}.MinSizeRel|x64.Build.0 = MinSizeRel|x64
		{72A2126D-4886-3962-A09A-1764100DA0EA}.RelWithDebInfo|x64.ActiveCfg = RelWithDebInfo|x64
		{72A2126D-4886-3962-A09A-1764100DA0EA}.RelWithDebInfo|x64.Build.0 = RelWithDebInfo|x64
		{A9C28F3B-BE6B-3599-B61E-C748532945B1}.Debug|x64.ActiveCfg = Debug|x64
		{A9C28F3B-BE6B-3599-B61E-C748532945B1}.Debug|x64.Build.0 = Debug|x64
		{A9C28F3B-BE6B-3599-B61E-C748532945B1}.Release|x64.ActiveCfg = Release|x64
		{A9C28F3B-BE6B-3599-B61E-C748532945B1}.Release|x64.Build.0 = Release|x64
		{A9C28F3B-BE6B-3599-B61E-C748532945B1}.MinSizeRel|x64.ActiveCfg = MinSizeRel|x64
		{A9C28F3B-BE6B-3599-B61E-C748532945B1}.MinSizeRel|x64.Build.0 = MinSizeRel|x64
		{A9C28F3B-BE6B-3599-B61E-C748532945B1}.RelWithDebInfo|x64.ActiveCfg = RelWithDebInfo|x64
		{A9C28F3B-BE6B-3599-B61E-C748532945B1}.RelWithDebInfo|x64.Build.0 = RelWithDebInfo|x64
		{83502B4E-761F-37F7-A269-BA9DE3034212}.Debug|x64.ActiveCfg = Debug|x64
		{83502B4E-761F-37F7-A269-BA9DE3034212}.Debug|x64.Build.0 = Debug|x64
		{83502B4E-761F-37F7-A269-BA9DE3034212}.Release|x64.ActiveCfg = Release|x64
		{83502B4E-761F-37F7-A269-BA9DE3034212}.Release|x64.Build.0 = Release|x64
		{83502B4E-761F-37F7-A269-BA9DE3034212}.MinSizeRel|x64.ActiveCfg = MinSizeRel|x64
		{83502B4E-761F-37F7-A269-BA9DE3034212}.MinSizeRel|x64.Build.0 = MinSizeRel|x64
		{83502B4E-761F-37F7-A269-BA9DE3034212}.RelWithDebInfo|x64.ActiveCfg = RelWithDebInfo|x64
		{83502B4E-761F-37F7-A269-BA9DE3034212}.RelWithDebInfo|x64.Build.0 = RelWithDebInfo|x64
		{08169B70-F37F-3CE5-AC37-A76FFF894AF2}.Debug|x64.ActiveCfg = Debug|x64
		{08169B70-F37F-3CE5-AC37-A76FFF894AF2}.Debug|x64.Build.0 = Debug|x64
		{08169B70-F37F-3CE5-AC37-A76FFF894AF2}.Release|x64.ActiveCfg = Release|x64
		{08169B70-F37F-3CE5-AC37-A76FFF894AF2}.Release|x64.Build.0 = Release|x64
		{08169B70-F37F-3CE5-AC37-A76FFF894AF2}.MinSizeRel|x64.ActiveCfg = MinSizeRel|x64
		{08169B70-F37F-3CE5-AC37-A76FFF894AF2}.MinSizeRel|x64.Build.0 = MinSizeRel|x64
		{08169B70-F37F-3CE5-AC37-A76FFF894AF2}.RelWithDebInfo|x64.ActiveCfg = RelWithDebInfo|x64
		{08169B70-F37F-3CE5-AC37-A76FFF894AF2}.RelWithDebInfo|x64.Build.0 = RelWithDebInfo|x64
		{AFEC7506-5C5D-3A4F-808D-E4CFF6A178FB}.Debug|x64.ActiveCfg = Debug|x64
		{AFEC7506-5C5D-3A4F-808D-E4CFF6A178FB}.Debug|x64.Build.0 = Debug|x64
		{AFEC7506-5C5D-3A4F-808D-E4CFF6A178FB}.Release|x64.ActiveCfg = Release|x64
		{AFEC7506-5C5D-3A4F-808D-E4CFF6A178FB}.Release|x64.Build.0 = Release|x64
		{AFEC7506-5C5D-3A4F-808D-E4CFF6A178FB}.MinSizeRel|x64.ActiveCfg = MinSizeRel|x64
		{AFEC7506-5C5D-3A4F-808D-E4CFF6A178FB}.MinSizeRel|x64.Build.0 = MinSizeRel|x64
		{AFEC7506-5C5D-3A4F-808D-E4CFF6A178FB}.RelWithDebInfo|x64.ActiveCfg = RelWithDebInfo|x64
		{AFEC7506-5C5D-3A4F-808D-E4CFF6A178FB}.RelWithDebInfo|x64.Build.0 = RelWithDebInfo|x64
		{7B42862E-4317-34D7-8BC0-0A98C4A6D514}.Debug|x64.ActiveCfg = Debug|x64
		{7B42862E-4317-34D7-8BC0-0A98C4A6D514}.Debug|x64.Build.0 = Debug|x64
		{7B42862E-4317-34D7-8BC0-0A98C4A6D514}.Release|x64.ActiveCfg = Release|x64
		{7B42862E-4317-34D7-8BC0-0A98C4A6D514}.Release|x64.Build.0 = Release|x64
		{7B42862E-4317-34D7-8BC0-0A98C4A6D514}.MinSizeRel|x64.ActiveCfg = MinSizeRel|x64
		{7B42862E-4317-34D7-8BC0-0A98C4A6D514}.MinSizeRel|x64.Build.0 = MinSizeRel|x64
		{7B42862E-4317-34D7-8BC0-0A98C4A6D514}.RelWithDebInfo|x64.ActiveCfg = RelWithDebInfo|x64
		{7B42862E-4317-34D7-8BC0-0A98C4A6D514}.RelWithDebInfo|x64.Build.0 = RelWithDebInfo|x64
		{8769FAD5-A530-37DA-A57E-F9F79D8842F3}.Debug|x64.ActiveCfg = Debug|x64
		{8769FAD5-A530-37DA-A57E-F9F79D8842F3}.Debug|x64.Build.0 = Debug|x64
		{8769FAD5-A530-37DA-A57E-F9F79D8842F3}.Release|x64.ActiveCfg = Release|x64
		{8769FAD5-A530-37DA-A57E-F9F79D8842F3}.Release|x64.Build.0 = Release|x64
		{8769FAD5-A530-37DA-A57E-F9F79D8842F3}.MinSizeRel|x64.ActiveCfg = MinSizeRel|x64
		{8769FAD5-A530-37DA-A57E-F9F79D8842F3}.MinSizeRel|x64.Build.0 = MinSizeRel|x64
		{8769FAD5-A530-37DA-A57E-F9F79D8842F3}.RelWithDebInfo|x64.ActiveCfg = RelWithDebInfo|x64
		{8769FAD5-A530-37DA-A57E-F9F79D8842F3}.RelWithDebInfo|x64.Build.0 = RelWithDebInfo|x64
		{63675CF8-C21C-34EC-92CD-A1AF97254354}.Debug|x64.ActiveCfg = Debug|x64
		{63675CF8-C21C-34EC-92CD-A1AF97254354}.Debug|x64.Build.0 = Debug|x64
		{63675CF8-C21C-34EC-92CD-A1AF97254354}.Release|x64.ActiveCfg = Release|x64
		{63675CF8-C21C-34EC-92CD-A1AF97254354}.Release|x64.Build.0 = Release|x64
		{63675CF8-C21C-34EC-92CD-A1AF97254354}.MinSizeRel|x64.ActiveCfg = MinSizeRel|x64
		{63675CF8-C21C-34EC-92CD-A1AF97254354}.MinSizeRel|x64.Build.0 = MinSizeRel|x64
		{63675CF8-C21C-34EC-92CD-A1AF97254354}.RelWithDebInfo|x64.ActiveCfg = RelWithDebInfo|x64
		{63675CF8-C21C-34EC-92CD-A1AF97254354}.RelWithDebInfo|x64.Build.0 = RelWithDebInfo|x64
		{5F40D9F9-805A-3344-B8D0-5EC742142600}.Debug|x64.ActiveCfg = Debug|x64
		{5F40D9F9-805A-3344-B8D0-5EC742142600}.Debug|x64.Build.0 = Debug|x64
		{5F40D9F9-805A-3344-B8D0-5EC742142600}.Release|x64.ActiveCfg = Release|x64
		{5F40D9F9-805A-3344-B8D0-5EC742142600}.Release|x64.Build.0 = Release|x64
		{5F40D9F9-805A-3344-B8D0-5EC742142600}.MinSizeRel|x64.ActiveCfg = MinSizeRel|x64
		{5F40D9F9-805A-3344-B8D0-5EC742142600}.MinSizeRel|x64.Build.0 = MinSizeRel|x64
		{5F40D9F9-805A-3344-B8D0-5EC742142600}.RelWithDebInfo|x64.ActiveCfg = RelWithDebInfo|x64
		{5F40D9F9-805A-3344-B8D0-5EC742142600}.RelWithDebInfo|x64.Build.0 = RelWithDebInfo|x64
		{403D7F69-4A53-3AA4-8503-EEA6CEBFBC07}.Debug|x64.ActiveCfg = Debug|x64
		{403D7F69-4A53-3AA4-8503-EEA6CEBFBC07}.Debug|x64.Build.0 = Debug|x64
		{403D7F69-4A53-3AA4-8503-EEA6CEBFBC07}.Release|x64.ActiveCfg = Release|x64
		{403D7F69-4A53-3AA4-8503-EEA6CEBFBC07}.Release|x64.Build.0 = Release|x64
		{403D7F69-4A53-3AA4-8503-EEA6CEBFBC07}.MinSizeRel|x64.ActiveCfg = MinSizeRel|x64
		{403D7F69-4A53-3AA4-8503-EEA6CEBFBC07}.MinSizeRel|x64.Build.0 = MinSizeRel|x64
		{403D7F69-4A53-3AA4-8503-EEA6CEBFBC07}.RelWithDebInfo|x64.ActiveCfg = RelWithDebInfo|x64
		{403D7F69-4A53-3AA4-8503-EEA6CEBFBC07}.RelWithDebInfo|x64.Build.0 = RelWithDebInfo|x64
		{565B5ACF-D9FB-31B9-B8C9-B236C1DF106C}.Debug|x64.ActiveCfg = Debug|x64
		{565B5ACF-D9FB-31B9-B8C9-B236C1DF106C}.Debug|x64.Build.0 = Debug|x64
		{565B5ACF-D9FB-31B9-B8C9-B236C1DF106C}.Release|x64.ActiveCfg = Release|x64
		{565B5ACF-D9FB-31B9-B8C9-B236C1DF106C}.Release|x64.Build.0 = Release|x64
		{565B5ACF-D9FB-31B9-B8C9-B236C1DF106C}.MinSizeRel|x64.ActiveCfg = MinSizeRel|x64
		{565B5ACF-D9FB-31B9-B8C9-B236C1DF106C}.MinSizeRel|x64.Build.0 = MinSizeRel|x64
		{565B5ACF-D9FB-31B9-B8C9-B236C1DF106C}.RelWithDebInfo|x64.ActiveCfg = RelWithDebInfo|x64
		{565B5ACF-D9FB-31B9-B8C9-B236C1DF106C}.RelWithDebInfo|x64.Build.0 = RelWithDebInfo|x64
		{1F1D9785-087A-3299-9739-992E665E8D49}.Debug|x64.ActiveCfg = Debug|x64
		{1F1D9785-087A-3299-9739-992E665E8D49}.Debug|x64.Build.0 = Debug|x64
		{1F1D9785-087A-3299-9739-992E665E8D49}.Release|x64.ActiveCfg = Release|x64
		{1F1D9785-087A-3299-9739-992E665E8D49}.Release|x64.Build.0 = Release|x64
		{1F1D9785-087A-3299-9739-992E665E8D49}.MinSizeRel|x64.ActiveCfg = MinSizeRel|x64
		{1F1D9785-087A-3299-9739-992E665E8D49}.MinSizeRel|x64.Build.0 = MinSizeRel|x64
		{1F1D9785-087A-3299-9739-992E665E8D49}.RelWithDebInfo|x64.ActiveCfg = RelWithDebInfo|x64
		{1F1D9785-087A-3299-9739-992E665E8D49}.RelWithDebInfo|x64.Build.0 = RelWithDebInfo|x64
		{C1207D0A-8D61-341E-9E15-C049160FD62E}.Debug|x64.ActiveCfg = Debug|x64
		{C1207D0A-8D61-341E-9E15-C049160FD62E}.Debug|x64.Build.0 = Debug|x64
		{C1207D0A-8D61-341E-9E15-C049160FD62E}.Release|x64.ActiveCfg = Release|x64
		{C1207D0A-8D61-341E-9E15-C049160FD62E}.Release|x64.Build.0 = Release|x64
		{C1207D0A-8D61-341E-9E15-C049160FD62E}.MinSizeRel|x64.ActiveCfg = MinSizeRel|x64
		{C1207D0A-8D61-341E-9E15-C049160FD62E}.MinSizeRel|x64.Build.0 = MinSizeRel|x64
		{C1207D0A-8D61-341E-9E15-C049160FD62E}.RelWithDebInfo|x64.ActiveCfg = RelWithDebInfo|x64
		{C1207D0A-8D61-341E-9E15-C049160FD62E}.RelWithDebInfo|x64.Build.0 = RelWithDebInfo|x64
		{F2978114-4980-3E6C-97C5-FAC5AB267D06}.Debug|x64.ActiveCfg = Debug|x64
		{F2978114-4980-3E6C-97C5-FAC5AB267D06}.Debug|x64.Build.0 = Debug|x64
		{F2978114-4980-3E6C-97C5-FAC5AB267D06}.Release|x64.ActiveCfg = Release|x64
		{F2978114-4980-3E6C-97C5-FAC5AB267D06}.Release|x64.Build.0 = Release|x64
		{F2978114-4980-3E6C-97C5-FAC5AB267D06}.MinSizeRel|x64.ActiveCfg = MinSizeRel|x64
		{F2978114-4980-3E6C-97C5-FAC5AB267D06}.MinSizeRel|x64.Build.0 = MinSizeRel|x64
		{F2978114-4980-3E6C-97C5-FAC5AB267D06}.RelWithDebInfo|x64.ActiveCfg = RelWithDebInfo|x64
		{F2978114-4980-3E6C-97C5-FAC5AB267D06}.RelWithDebInfo|x64.Build.0 = RelWithDebInfo|x64
		{98C3F45F-6D6B-3586-B3B4-47D765DB0462}.Debug|x64.ActiveCfg = Debug|x64
		{98C3F45F-6D6B-3586-B3B4-47D765DB0462}.Debug|x64.Build.0 = Debug|x64
		{98C3F45F-6D6B-3586-B3B4-47D765DB0462}.Release|x64.ActiveCfg = Release|x64
		{98C3F45F-6D6B-3586-B3B4-47D765DB0462}.Release|x64.Build.0 = Release|x64
		{98C3F45F-6D6B-3586-B3B4-47D765DB0462}.MinSizeRel|x64.ActiveCfg = MinSizeRel|x64
		{98C3F45F-6D6B-3586-B3B4-47D765DB0462}.MinSizeRel|x64.Build.0 = MinSizeRel|x64
		{98C3F45F-6D6B-3586-B3B4-47D765DB0462}.RelWithDebInfo|x64.ActiveCfg = RelWithDebInfo|x64
		{98C3F45F-6D6B-3586-B3B4-47D765DB0462}.RelWithDebInfo|x64.Build.0 = RelWithDebInfo|x64
		{4CA47FDA-7B63-353A-8333-1C0AC1DB27EF}.Debug|x64.ActiveCfg = Debug|x64
		{4CA47FDA-7B63-353A-8333-1C0AC1DB27EF}.Debug|x64.Build.0 = Debug|x64
		{4CA47FDA-7B63-353A-8333-1C0AC1DB27EF}.Release|x64.ActiveCfg = Release|x64
		{4CA47FDA-7B63-353A-8333-1C0AC1DB27EF}.Release|x64.Build.0 = Release|x64
		{4CA47FDA-7B63-353A-8333-1C0AC1DB27EF}.MinSizeRel|x64.ActiveCfg = MinSizeRel|x64
		{4CA47FDA-7B63-353A-8333-1C0AC1DB27EF}.MinSizeRel|x64.Build.0 = MinSizeRel|x64
		{4CA47FDA-7B63-353A-8333-1C0AC1DB27EF}.RelWithDebInfo|x64.ActiveCfg = RelWithDebInfo|x64
		{4CA47FDA-7B63-353A-8333-1C0AC1DB27EF}.RelWithDebInfo|x64.Build.0 = RelWithDebInfo|x64
		{1A147021-A783-3A09-8521-5E909D319E4D}.Debug|x64.ActiveCfg = Debug|x64
		{1A147021-A783-3A09-8521-5E909D319E4D}.Debug|x64.Build.0 = Debug|x64
		{1A147021-A783-3A09-8521-5E909D319E4D}.Release|x64.ActiveCfg = Release|x64
		{1A147021-A783-3A09-8521-5E909D319E4D}.Release|x64.Build.0 = Release|x64
		{1A147021-A783-3A09-8521-5E909D319E4D}.MinSizeRel|x64.ActiveCfg = MinSizeRel|x64
		{1A147021-A783-3A09-8521-5E909D319E4D}.MinSizeRel|x64.Build.0 = MinSizeRel|x64
		{1A147021-A783-3A09-8521-5E909D319E4D}.RelWithDebInfo|x64.ActiveCfg = RelWithDebInfo|x64
		{1A147021-A783-3A09-8521-5E909D319E4D}.RelWithDebInfo|x64.Build.0 = RelWithDebInfo|x64
		{4BFB36A8-2BD3-3F68-B97D-3D962E5CC97F}.Debug|x64.ActiveCfg = Debug|x64
		{4BFB36A8-2BD3-3F68-B97D-3D962E5CC97F}.Release|x64.ActiveCfg = Release|x64
		{4BFB36A8-2BD3-3F68-B97D-3D962E5CC97F}.MinSizeRel|x64.ActiveCfg = MinSizeRel|x64
		{4BFB36A8-2BD3-3F68-B97D-3D962E5CC97F}.RelWithDebInfo|x64.ActiveCfg = RelWithDebInfo|x64
		{ECC433AA-8A58-30F8-B1B9-65B6AD458DD3}.Debug|x64.ActiveCfg = Debug|x64
		{ECC433AA-8A58-30F8-B1B9-65B6AD458DD3}.Release|x64.ActiveCfg = Release|x64
		{ECC433AA-8A58-30F8-B1B9-65B6AD458DD3}.MinSizeRel|x64.ActiveCfg = MinSizeRel|x64
		{ECC433AA-8A58-30F8-B1B9-65B6AD458DD3}.RelWithDebInfo|x64.ActiveCfg = RelWithDebInfo|x64
		{F8FB9708-3A0F-3C45-B23D-1CA81A7D17EC}.Debug|x64.ActiveCfg = Debug|x64
		{F8FB9708-3A0F-3C45-B23D-1CA81A7D17EC}.Debug|x64.Build.0 = Debug|x64
		{F8FB9708-3A0F-3C45-B23D-1CA81A7D17EC}.Release|x64.ActiveCfg = Release|x64
		{F8FB9708-3A0F-3C45-B23D-1CA81A7D17EC}.Release|x64.Build.0 = Release|x64
		{F8FB9708-3A0F-3C45-B23D-1CA81A7D17EC}.MinSizeRel|x64.ActiveCfg = MinSizeRel|x64
		{F8FB9708-3A0F-3C45-B23D-1CA81A7D17EC}.MinSizeRel|x64.Build.0 = MinSizeRel|x64
		{F8FB9708-3A0F-3C45-B23D-1CA81A7D17EC}.RelWithDebInfo|x64.ActiveCfg = RelWithDebInfo|x64
		{F8FB9708-3A0F-3C45-B23D-1CA81A7D17EC}.RelWithDebInfo|x64.Build.0 = RelWithDebInfo|x64
		{E9BEF847-67B9-3AAF-8492-3F1BEFEEAB51}.Debug|x64.ActiveCfg = Debug|x64
		{E9BEF847-67B9-3AAF-8492-3F1BEFEEAB51}.Debug|x64.Build.0 = Debug|x64
		{E9BEF847-67B9-3AAF-8492-3F1BEFEEAB51}.Release|x64.ActiveCfg = Release|x64
		{E9BEF847-67B9-3AAF-8492-3F1BEFEEAB51}.Release|x64.Build.0 = Release|x64
		{E9BEF847-67B9-3AAF-8492-3F1BEFEEAB51}.MinSizeRel|x64.ActiveCfg = MinSizeRel|x64
		{E9BEF847-67B9-3AAF-8492-3F1BEFEEAB51}.MinSizeRel|x64.Build.0 = MinSizeRel|x64
		{E9BEF847-67B9-3AAF-8492-3F1BEFEEAB51}.RelWithDebInfo|x64.ActiveCfg = RelWithDebInfo|x64
		{E9BEF847-67B9-3AAF-8492-3F1BEFEEAB51}.RelWithDebInfo|x64.Build.0 = RelWithDebInfo|x64
	EndGlobalSection
	GlobalSection(NestedProjects) = preSolution
		{E59EC85E-BD87-33F8-8966-D1B7C18A6FE6} = {7AFE0BD5-C1DC-3477-81E9-D3ED25C5106E}
		{12B1D8D3-7E9D-3E7A-964D-1F282339638C} = {7AFE0BD5-C1DC-3477-81E9-D3ED25C5106E}
		{D56C6040-5189-350E-8E3C-B927C6170E8C} = {7AFE0BD5-C1DC-3477-81E9-D3ED25C5106E}
		{DA22B9F5-B44D-3DD6-9EC7-286FFB0861F8} = {A54A731F-9E07-3385-91A2-7DF0E5C1D510}
		{B4E52D1F-9877-3BF1-9BB5-FF01A9B2205B} = {A54A731F-9E07-3385-91A2-7DF0E5C1D510}
		{AB713354-094E-3BAD-B63D-3422099B9DDB} = {A54A731F-9E07-3385-91A2-7DF0E5C1D510}
		{4BFB36A8-2BD3-3F68-B97D-3D962E5CC97F} = {A54A731F-9E07-3385-91A2-7DF0E5C1D510}
		{ECC433AA-8A58-30F8-B1B9-65B6AD458DD3} = {A54A731F-9E07-3385-91A2-7DF0E5C1D510}
		{7D8ABD51-3A55-31FE-8E20-23985E744F12} = {DA22B9F5-B44D-3DD6-9EC7-286FFB0861F8}
		{CDD0B4EF-FC42-340B-A15C-73984854DCF0} = {DA22B9F5-B44D-3DD6-9EC7-286FFB0861F8}
		{CF2E8230-4C7C-32F4-AB2C-0E7FC5722308} = {DA22B9F5-B44D-3DD6-9EC7-286FFB0861F8}
		{7B42862E-4317-34D7-8BC0-0A98C4A6D514} = {DA22B9F5-B44D-3DD6-9EC7-286FFB0861F8}
		{63675CF8-C21C-34EC-92CD-A1AF97254354} = {DA22B9F5-B44D-3DD6-9EC7-286FFB0861F8}
		{403D7F69-4A53-3AA4-8503-EEA6CEBFBC07} = {DA22B9F5-B44D-3DD6-9EC7-286FFB0861F8}
		{565B5ACF-D9FB-31B9-B8C9-B236C1DF106C} = {DA22B9F5-B44D-3DD6-9EC7-286FFB0861F8}
		{1F1D9785-087A-3299-9739-992E665E8D49} = {DA22B9F5-B44D-3DD6-9EC7-286FFB0861F8}
		{F8FB9708-3A0F-3C45-B23D-1CA81A7D17EC} = {DA22B9F5-B44D-3DD6-9EC7-286FFB0861F8}
		{20B84515-5098-3F49-94A2-4DCB89D36D47} = {B4E52D1F-9877-3BF1-9BB5-FF01A9B2205B}
		{17BB4EB9-4A5E-37D4-B4FD-E681FE8AC4E1} = {B4E52D1F-9877-3BF1-9BB5-FF01A9B2205B}
		{1AA3BA63-E3AF-336E-A5D7-6EB57E8AFB94} = {B4E52D1F-9877-3BF1-9BB5-FF01A9B2205B}
		{36DADBBA-D574-3226-9D28-7E0CE60FD7F1} = {B4E52D1F-9877-3BF1-9BB5-FF01A9B2205B}
		{F5C3BA23-07F8-3B70-A9E2-FDD97CBB1ED6} = {B4E52D1F-9877-3BF1-9BB5-FF01A9B2205B}
		{7CCC79C5-7D5D-351C-A023-5593893D9796} = {B4E52D1F-9877-3BF1-9BB5-FF01A9B2205B}
		{87F5E32A-9B6E-324B-96D7-984CC0BF11EB} = {B4E52D1F-9877-3BF1-9BB5-FF01A9B2205B}
		{72A2126D-4886-3962-A09A-1764100DA0EA} = {B4E52D1F-9877-3BF1-9BB5-FF01A9B2205B}
		{A9C28F3B-BE6B-3599-B61E-C748532945B1} = {B4E52D1F-9877-3BF1-9BB5-FF01A9B2205B}
		{83502B4E-761F-37F7-A269-BA9DE3034212} = {B4E52D1F-9877-3BF1-9BB5-FF01A9B2205B}
		{08169B70-F37F-3CE5-AC37-A76FFF894AF2} = {B4E52D1F-9877-3BF1-9BB5-FF01A9B2205B}
		{AFEC7506-5C5D-3A4F-808D-E4CFF6A178FB} = {B4E52D1F-9877-3BF1-9BB5-FF01A9B2205B}
		{8769FAD5-A530-37DA-A57E-F9F79D8842F3} = {B4E52D1F-9877-3BF1-9BB5-FF01A9B2205B}
		{5F40D9F9-805A-3344-B8D0-5EC742142600} = {B4E52D1F-9877-3BF1-9BB5-FF01A9B2205B}
		{C1207D0A-8D61-341E-9E15-C049160FD62E} = {B4E52D1F-9877-3BF1-9BB5-FF01A9B2205B}
		{F2978114-4980-3E6C-97C5-FAC5AB267D06} = {B4E52D1F-9877-3BF1-9BB5-FF01A9B2205B}
		{98C3F45F-6D6B-3586-B3B4-47D765DB0462} = {B4E52D1F-9877-3BF1-9BB5-FF01A9B2205B}
		{4CA47FDA-7B63-353A-8333-1C0AC1DB27EF} = {B4E52D1F-9877-3BF1-9BB5-FF01A9B2205B}
		{1A147021-A783-3A09-8521-5E909D319E4D} = {B4E52D1F-9877-3BF1-9BB5-FF01A9B2205B}
		{E9BEF847-67B9-3AAF-8492-3F1BEFEEAB51} = {B4E52D1F-9877-3BF1-9BB5-FF01A9B2205B}
	EndGlobalSection
	GlobalSection(ExtensibilityGlobals) = postSolution
		SolutionGuid = {4691F5F2-5824-36E6-859B-052C173374EE}
	EndGlobalSection
	GlobalSection(ExtensibilityAddIns) = postSolution
	EndGlobalSection
EndGlobal
